<?xml version="1.0" encoding="utf-8"?>
<Project ToolsVersion="4.0" xmlns="http://schemas.microsoft.com/developer/msbuild/2003">
  <ItemGroup>
    <Filter Include="Source Files">
      <UniqueIdentifier>{4FC737F1-C7A5-4376-A066-2A32D752A2FF}</UniqueIdentifier>
      <Extensions>cpp;c;cc;cxx;def;odl;idl;hpj;bat;asm;asmx</Extensions>
    </Filter>
    <Filter Include="Header Files">
      <UniqueIdentifier>{93995380-89BD-4b04-88EB-625FBE52EBFB}</UniqueIdentifier>
      <Extensions>h;hh;hpp;hxx;hm;inl;inc;ipp;xsd</Extensions>
    </Filter>
    <Filter Include="Resource Files">
      <UniqueIdentifier>{67DA6AB6-F800-4c08-8B7A-83BB121AAD01}</UniqueIdentifier>
      <Extensions>rc;ico;cur;bmp;dlg;rc2;rct;bin;rgs;gif;jpg;jpeg;jpe;resx;tiff;tif;png;wav;mfcribbon-ms</Extensions>
    </Filter>
  </ItemGroup>
  <ItemGroup>
    <ClCompile Include="D:\OneDrive\Mechatronik\Semester 1\Informatik\cpps\zeiger.cpp">
      <Filter>Source Files</Filter>
    </ClCompile>
    <ClCompile Include="Speicherverwaltung.cpp">
      <Filter>Source Files</Filter>
    </ClCompile>
    <ClCompile Include="Aufgabenblatt1_1.c">
      <Filter>Source Files</Filter>
    </ClCompile>
    <ClCompile Include="Aufgabenblatt1_2.c">
      <Filter>Source Files</Filter>
    </ClCompile>
    <ClCompile Include="Aufgabenblatt1_3.c">
      <Filter>Source Files</Filter>
    </ClCompile>
    <ClCompile Include="Aufgabenblatt1_4.c">
      <Filter>Source Files</Filter>
    </ClCompile>
    <ClCompile Include="Aufgabenblatt2_1.c">
      <Filter>Source Files</Filter>
    </ClCompile>
    <ClCompile Include="Aufgabenblatt2_2.c">
      <Filter>Source Files</Filter>
    </ClCompile>
    <ClCompile Include="Aufgabenblatt2_3.c">
      <Filter>Source Files</Filter>
    </ClCompile>
    <ClCompile Include="Aufgabenblatt2_4.c">
      <Filter>Source Files</Filter>
    </ClCompile>
    <ClCompile Include="Aufgabenblatt2_5.c">
      <Filter>Source Files</Filter>
    </ClCompile>
    <ClCompile Include="test.c">
      <Filter>Source Files</Filter>
    </ClCompile>
    <ClCompile Include="Aufgabenblatt3_1.c">
      <Filter>Source Files</Filter>
    </ClCompile>
    <ClCompile Include="Aufgabenblatt3_2.c">
      <Filter>Source Files</Filter>
    </ClCompile>
    <ClCompile Include="Aufgabenblatt3_3.c">
      <Filter>Source Files</Filter>
    </ClCompile>
    <ClCompile Include="Aufgabenblatt3_4.c">
      <Filter>Source Files</Filter>
    </ClCompile>
    <ClCompile Include="Aufgabenblatt3_5.c">
      <Filter>Source Files</Filter>
    </ClCompile>
    <ClCompile Include="Aufgabenblatt4_1.c">
      <Filter>Source Files</Filter>
    </ClCompile>
    <ClCompile Include="Aufgabenblatt4_2.c">
      <Filter>Source Files</Filter>
    </ClCompile>
    <ClCompile Include="Aufgabenblatt4_3.c">
      <Filter>Source Files</Filter>
    </ClCompile>
    <ClCompile Include="Aufgabenblatt4_4.c">
      <Filter>Source Files</Filter>
    </ClCompile>
    <ClCompile Include="Aufgabenblatt5_1.c">
      <Filter>Source Files</Filter>
    </ClCompile>
    <ClCompile Include="Aufgabenblatt5_2.c">
      <Filter>Source Files</Filter>
    </ClCompile>
    <ClCompile Include="Aufgabenblatt5_3.c">
      <Filter>Source Files</Filter>
    </ClCompile>
    <ClCompile Include="Einsatz.c">
      <Filter>Source Files</Filter>
    </ClCompile>
    <ClCompile Include="Aufgabenblatt5_4.c">
      <Filter>Source Files</Filter>
    </ClCompile>
    <ClCompile Include="mystring.c">
      <Filter>Source Files</Filter>
    </ClCompile>
  </ItemGroup>
  <ItemGroup>
    <ClInclude Include="Einsatz.h">
      <Filter>Source Files</Filter>
    </ClInclude>
    <ClInclude Include="mystring.h">
      <Filter>Source Files</Filter>
    </ClInclude>
  </ItemGroup>
</Project>